// !$*UTF8*$!
{
	archiveVersion = 1;
	classes = {
	};
	objectVersion = 51;
	objects = {

/* Begin PBXBuildFile section */
		029CB5792653DFB20007B2D8 /* AppDelegate.swift in Sources */ = {isa = PBXBuildFile; fileRef = 029CB5782653DFB20007B2D8 /* AppDelegate.swift */; };
		029CB57B2653DFB20007B2D8 /* SceneDelegate.swift in Sources */ = {isa = PBXBuildFile; fileRef = 029CB57A2653DFB20007B2D8 /* SceneDelegate.swift */; };
		029CB5802653DFB20007B2D8 /* Main.storyboard in Resources */ = {isa = PBXBuildFile; fileRef = 029CB57E2653DFB20007B2D8 /* Main.storyboard */; };
		029CB5852653DFB50007B2D8 /* LaunchScreen.storyboard in Resources */ = {isa = PBXBuildFile; fileRef = 029CB5832653DFB50007B2D8 /* LaunchScreen.storyboard */; };
		029CB5902653DFB50007B2D8 /* BourneDigitalTestTests.swift in Sources */ = {isa = PBXBuildFile; fileRef = 029CB58F2653DFB50007B2D8 /* BourneDigitalTestTests.swift */; };
		029CB59B2653DFB50007B2D8 /* BourneDigitalTestUITests.swift in Sources */ = {isa = PBXBuildFile; fileRef = 029CB59A2653DFB50007B2D8 /* BourneDigitalTestUITests.swift */; };
		029CB5AF2653E01B0007B2D8 /* ViewController.swift in Sources */ = {isa = PBXBuildFile; fileRef = 029CB5AE2653E01B0007B2D8 /* ViewController.swift */; };
		029CB5B42653E0490007B2D8 /* MoviesViewModel.swift in Sources */ = {isa = PBXBuildFile; fileRef = 029CB5B32653E0490007B2D8 /* MoviesViewModel.swift */; };
		029CB5BA2653E0710007B2D8 /* APIService.swift in Sources */ = {isa = PBXBuildFile; fileRef = 029CB5B92653E0710007B2D8 /* APIService.swift */; };
		029CB5BF2653E0A40007B2D8 /* MoviesTableViewDataSource.swift in Sources */ = {isa = PBXBuildFile; fileRef = 029CB5BE2653E0A40007B2D8 /* MoviesTableViewDataSource.swift */; };
		029CB5C92653E1190007B2D8 /* MoviesModel.swift in Sources */ = {isa = PBXBuildFile; fileRef = 029CB5C82653E1190007B2D8 /* MoviesModel.swift */; };
		029CB5D12653E1660007B2D8 /* MoviesTableViewCell.swift in Sources */ = {isa = PBXBuildFile; fileRef = 029CB5D02653E1660007B2D8 /* MoviesTableViewCell.swift */; };
		029CB5D62653E1E70007B2D8 /* movies.json in Resources */ = {isa = PBXBuildFile; fileRef = 029CB5D52653E1E70007B2D8 /* movies.json */; };
		1FA0D1DB5FA295A6CA8E6452 /* Pods_BourneDigitalTest_BourneDigitalTestUITests.framework in Frameworks */ = {isa = PBXBuildFile; fileRef = 009CC256A84737725D3CC8A1 /* Pods_BourneDigitalTest_BourneDigitalTestUITests.framework */; };
		93984E7E1614241B6D3FC0C6 /* Pods_BourneDigitalTestTests.framework in Frameworks */ = {isa = PBXBuildFile; fileRef = B831FAD2D7D7B476D5C61F93 /* Pods_BourneDigitalTestTests.framework */; };
		B34AD0C7088B4E13F18071D8 /* Pods_BourneDigitalTest.framework in Frameworks */ = {isa = PBXBuildFile; fileRef = 4B3C0A4D868D9EEBA1F058EE /* Pods_BourneDigitalTest.framework */; };
		CE6866E72656845400094D63 /* Assets.xcassets in Resources */ = {isa = PBXBuildFile; fileRef = CE6866E62656845400094D63 /* Assets.xcassets */; };
		CE6866F7265685AC00094D63 /* DetailsViewController.swift in Sources */ = {isa = PBXBuildFile; fileRef = CE6866F6265685AC00094D63 /* DetailsViewController.swift */; };
/* End PBXBuildFile section */

/* Begin PBXContainerItemProxy section */
		029CB58C2653DFB50007B2D8 /* PBXContainerItemProxy */ = {
			isa = PBXContainerItemProxy;
			containerPortal = 029CB56D2653DFB20007B2D8 /* Project object */;
			proxyType = 1;
			remoteGlobalIDString = 029CB5742653DFB20007B2D8;
			remoteInfo = BourneDigitalTest;
		};
		029CB5972653DFB50007B2D8 /* PBXContainerItemProxy */ = {
			isa = PBXContainerItemProxy;
			containerPortal = 029CB56D2653DFB20007B2D8 /* Project object */;
			proxyType = 1;
			remoteGlobalIDString = 029CB5742653DFB20007B2D8;
			remoteInfo = BourneDigitalTest;
		};
/* End PBXContainerItemProxy section */

/* Begin PBXFileReference section */
		009CC256A84737725D3CC8A1 /* Pods_BourneDigitalTest_BourneDigitalTestUITests.framework */ = {isa = PBXFileReference; explicitFileType = wrapper.framework; includeInIndex = 0; path = Pods_BourneDigitalTest_BourneDigitalTestUITests.framework; sourceTree = BUILT_PRODUCTS_DIR; };
		029CB5752653DFB20007B2D8 /* BourneDigitalTest.app */ = {isa = PBXFileReference; explicitFileType = wrapper.application; includeInIndex = 0; path = BourneDigitalTest.app; sourceTree = BUILT_PRODUCTS_DIR; };
		029CB5782653DFB20007B2D8 /* AppDelegate.swift */ = {isa = PBXFileReference; lastKnownFileType = sourcecode.swift; path = AppDelegate.swift; sourceTree = "<group>"; };
		029CB57A2653DFB20007B2D8 /* SceneDelegate.swift */ = {isa = PBXFileReference; lastKnownFileType = sourcecode.swift; path = SceneDelegate.swift; sourceTree = "<group>"; };
		029CB57F2653DFB20007B2D8 /* Base */ = {isa = PBXFileReference; lastKnownFileType = file.storyboard; name = Base; path = Base.lproj/Main.storyboard; sourceTree = "<group>"; };
		029CB5842653DFB50007B2D8 /* Base */ = {isa = PBXFileReference; lastKnownFileType = file.storyboard; name = Base; path = Base.lproj/LaunchScreen.storyboard; sourceTree = "<group>"; };
		029CB5862653DFB50007B2D8 /* Info.plist */ = {isa = PBXFileReference; lastKnownFileType = text.plist.xml; path = Info.plist; sourceTree = "<group>"; };
		029CB58B2653DFB50007B2D8 /* BourneDigitalTestTests.xctest */ = {isa = PBXFileReference; explicitFileType = wrapper.cfbundle; includeInIndex = 0; path = BourneDigitalTestTests.xctest; sourceTree = BUILT_PRODUCTS_DIR; };
		029CB58F2653DFB50007B2D8 /* BourneDigitalTestTests.swift */ = {isa = PBXFileReference; lastKnownFileType = sourcecode.swift; path = BourneDigitalTestTests.swift; sourceTree = "<group>"; };
		029CB5912653DFB50007B2D8 /* Info.plist */ = {isa = PBXFileReference; lastKnownFileType = text.plist.xml; path = Info.plist; sourceTree = "<group>"; };
		029CB5962653DFB50007B2D8 /* BourneDigitalTestUITests.xctest */ = {isa = PBXFileReference; explicitFileType = wrapper.cfbundle; includeInIndex = 0; path = BourneDigitalTestUITests.xctest; sourceTree = BUILT_PRODUCTS_DIR; };
		029CB59A2653DFB50007B2D8 /* BourneDigitalTestUITests.swift */ = {isa = PBXFileReference; lastKnownFileType = sourcecode.swift; path = BourneDigitalTestUITests.swift; sourceTree = "<group>"; };
		029CB59C2653DFB50007B2D8 /* Info.plist */ = {isa = PBXFileReference; lastKnownFileType = text.plist.xml; path = Info.plist; sourceTree = "<group>"; };
		029CB5AE2653E01B0007B2D8 /* ViewController.swift */ = {isa = PBXFileReference; fileEncoding = 4; lastKnownFileType = sourcecode.swift; path = ViewController.swift; sourceTree = "<group>"; };
		029CB5B32653E0490007B2D8 /* MoviesViewModel.swift */ = {isa = PBXFileReference; fileEncoding = 4; lastKnownFileType = sourcecode.swift; path = MoviesViewModel.swift; sourceTree = "<group>"; };
		029CB5B92653E0710007B2D8 /* APIService.swift */ = {isa = PBXFileReference; fileEncoding = 4; lastKnownFileType = sourcecode.swift; path = APIService.swift; sourceTree = "<group>"; };
		029CB5BE2653E0A40007B2D8 /* MoviesTableViewDataSource.swift */ = {isa = PBXFileReference; fileEncoding = 4; lastKnownFileType = sourcecode.swift; path = MoviesTableViewDataSource.swift; sourceTree = "<group>"; };
		029CB5C82653E1190007B2D8 /* MoviesModel.swift */ = {isa = PBXFileReference; fileEncoding = 4; lastKnownFileType = sourcecode.swift; path = MoviesModel.swift; sourceTree = "<group>"; };
		029CB5D02653E1660007B2D8 /* MoviesTableViewCell.swift */ = {isa = PBXFileReference; fileEncoding = 4; lastKnownFileType = sourcecode.swift; path = MoviesTableViewCell.swift; sourceTree = "<group>"; };
		029CB5D52653E1E70007B2D8 /* movies.json */ = {isa = PBXFileReference; fileEncoding = 4; lastKnownFileType = text.json; path = movies.json; sourceTree = "<group>"; };
		18D306F39BFD17BE7508ED66 /* Pods-BourneDigitalTestTests.debug.xcconfig */ = {isa = PBXFileReference; includeInIndex = 1; lastKnownFileType = text.xcconfig; name = "Pods-BourneDigitalTestTests.debug.xcconfig"; path = "Target Support Files/Pods-BourneDigitalTestTests/Pods-BourneDigitalTestTests.debug.xcconfig"; sourceTree = "<group>"; };
		3552AC309E4BA704F3B20561 /* Pods-BourneDigitalTestTests.release.xcconfig */ = {isa = PBXFileReference; includeInIndex = 1; lastKnownFileType = text.xcconfig; name = "Pods-BourneDigitalTestTests.release.xcconfig"; path = "Target Support Files/Pods-BourneDigitalTestTests/Pods-BourneDigitalTestTests.release.xcconfig"; sourceTree = "<group>"; };
		4B3C0A4D868D9EEBA1F058EE /* Pods_BourneDigitalTest.framework */ = {isa = PBXFileReference; explicitFileType = wrapper.framework; includeInIndex = 0; path = Pods_BourneDigitalTest.framework; sourceTree = BUILT_PRODUCTS_DIR; };
		9CF290D76F5A642A7F5D4A90 /* Pods-BourneDigitalTest-BourneDigitalTestUITests.debug.xcconfig */ = {isa = PBXFileReference; includeInIndex = 1; lastKnownFileType = text.xcconfig; name = "Pods-BourneDigitalTest-BourneDigitalTestUITests.debug.xcconfig"; path = "Target Support Files/Pods-BourneDigitalTest-BourneDigitalTestUITests/Pods-BourneDigitalTest-BourneDigitalTestUITests.debug.xcconfig"; sourceTree = "<group>"; };
		B0B98EEABF2393D17FFC7410 /* Pods-BourneDigitalTest.debug.xcconfig */ = {isa = PBXFileReference; includeInIndex = 1; lastKnownFileType = text.xcconfig; name = "Pods-BourneDigitalTest.debug.xcconfig"; path = "Target Support Files/Pods-BourneDigitalTest/Pods-BourneDigitalTest.debug.xcconfig"; sourceTree = "<group>"; };
		B831FAD2D7D7B476D5C61F93 /* Pods_BourneDigitalTestTests.framework */ = {isa = PBXFileReference; explicitFileType = wrapper.framework; includeInIndex = 0; path = Pods_BourneDigitalTestTests.framework; sourceTree = BUILT_PRODUCTS_DIR; };
		C64B296BA0DA9C8F473590BE /* Pods-BourneDigitalTest.release.xcconfig */ = {isa = PBXFileReference; includeInIndex = 1; lastKnownFileType = text.xcconfig; name = "Pods-BourneDigitalTest.release.xcconfig"; path = "Target Support Files/Pods-BourneDigitalTest/Pods-BourneDigitalTest.release.xcconfig"; sourceTree = "<group>"; };
		CE6866E62656845400094D63 /* Assets.xcassets */ = {isa = PBXFileReference; lastKnownFileType = folder.assetcatalog; path = Assets.xcassets; sourceTree = SOURCE_ROOT; };
		CE6866F6265685AC00094D63 /* DetailsViewController.swift */ = {isa = PBXFileReference; lastKnownFileType = sourcecode.swift; path = DetailsViewController.swift; sourceTree = "<group>"; };
		FD4F630C6B564CB41D36D48A /* Pods-BourneDigitalTest-BourneDigitalTestUITests.release.xcconfig */ = {isa = PBXFileReference; includeInIndex = 1; lastKnownFileType = text.xcconfig; name = "Pods-BourneDigitalTest-BourneDigitalTestUITests.release.xcconfig"; path = "Target Support Files/Pods-BourneDigitalTest-BourneDigitalTestUITests/Pods-BourneDigitalTest-BourneDigitalTestUITests.release.xcconfig"; sourceTree = "<group>"; };
/* End PBXFileReference section */

/* Begin PBXFrameworksBuildPhase section */
		029CB5722653DFB20007B2D8 /* Frameworks */ = {
			isa = PBXFrameworksBuildPhase;
			buildActionMask = 2147483647;
			files = (
				B34AD0C7088B4E13F18071D8 /* Pods_BourneDigitalTest.framework in Frameworks */,
			);
			runOnlyForDeploymentPostprocessing = 0;
		};
		029CB5882653DFB50007B2D8 /* Frameworks */ = {
			isa = PBXFrameworksBuildPhase;
			buildActionMask = 2147483647;
			files = (
				93984E7E1614241B6D3FC0C6 /* Pods_BourneDigitalTestTests.framework in Frameworks */,
			);
			runOnlyForDeploymentPostprocessing = 0;
		};
		029CB5932653DFB50007B2D8 /* Frameworks */ = {
			isa = PBXFrameworksBuildPhase;
			buildActionMask = 2147483647;
			files = (
				1FA0D1DB5FA295A6CA8E6452 /* Pods_BourneDigitalTest_BourneDigitalTestUITests.framework in Frameworks */,
			);
			runOnlyForDeploymentPostprocessing = 0;
		};
/* End PBXFrameworksBuildPhase section */

/* Begin PBXGroup section */
		029CB56C2653DFB20007B2D8 = {
			isa = PBXGroup;
			children = (
				029CB5772653DFB20007B2D8 /* BourneDigitalTest */,
				029CB58E2653DFB50007B2D8 /* BourneDigitalTestTests */,
				029CB5992653DFB50007B2D8 /* BourneDigitalTestUITests */,
				029CB5762653DFB20007B2D8 /* Products */,
				5C9135A126A60CEE2038BEA0 /* Pods */,
				613DC26A464B1B0E7B7195EA /* Frameworks */,
			);
			sourceTree = "<group>";
		};
		029CB5762653DFB20007B2D8 /* Products */ = {
			isa = PBXGroup;
			children = (
				029CB5752653DFB20007B2D8 /* BourneDigitalTest.app */,
				029CB58B2653DFB50007B2D8 /* BourneDigitalTestTests.xctest */,
				029CB5962653DFB50007B2D8 /* BourneDigitalTestUITests.xctest */,
			);
			name = Products;
			sourceTree = "<group>";
		};
		029CB5772653DFB20007B2D8 /* BourneDigitalTest */ = {
			isa = PBXGroup;
			children = (
				029CB5D52653E1E70007B2D8 /* movies.json */,
				029CB5B82653E0660007B2D8 /* ApiService */,
				029CB5AD2653E0080007B2D8 /* Model */,
				029CB5AC2653DFF80007B2D8 /* ViewModel */,
				029CB5AB2653DFE60007B2D8 /* ViewControllers */,
				029CB5782653DFB20007B2D8 /* AppDelegate.swift */,
				029CB57A2653DFB20007B2D8 /* SceneDelegate.swift */,
				029CB57E2653DFB20007B2D8 /* Main.storyboard */,
				CE6866E62656845400094D63 /* Assets.xcassets */,
				029CB5832653DFB50007B2D8 /* LaunchScreen.storyboard */,
				029CB5862653DFB50007B2D8 /* Info.plist */,
			);
			path = BourneDigitalTest;
			sourceTree = "<group>";
		};
		029CB58E2653DFB50007B2D8 /* BourneDigitalTestTests */ = {
			isa = PBXGroup;
			children = (
				029CB58F2653DFB50007B2D8 /* BourneDigitalTestTests.swift */,
				029CB5912653DFB50007B2D8 /* Info.plist */,
			);
			path = BourneDigitalTestTests;
			sourceTree = "<group>";
		};
		029CB5992653DFB50007B2D8 /* BourneDigitalTestUITests */ = {
			isa = PBXGroup;
			children = (
				029CB59A2653DFB50007B2D8 /* BourneDigitalTestUITests.swift */,
				029CB59C2653DFB50007B2D8 /* Info.plist */,
			);
			path = BourneDigitalTestUITests;
			sourceTree = "<group>";
		};
		029CB5AB2653DFE60007B2D8 /* ViewControllers */ = {
			isa = PBXGroup;
			children = (
				029CB5AE2653E01B0007B2D8 /* ViewController.swift */,
				CE6866F6265685AC00094D63 /* DetailsViewController.swift */,
			);
			path = ViewControllers;
			sourceTree = "<group>";
		};
		029CB5AC2653DFF80007B2D8 /* ViewModel */ = {
			isa = PBXGroup;
			children = (
				029CB5BE2653E0A40007B2D8 /* MoviesTableViewDataSource.swift */,
				029CB5B32653E0490007B2D8 /* MoviesViewModel.swift */,
				029CB5D02653E1660007B2D8 /* MoviesTableViewCell.swift */,
			);
			path = ViewModel;
			sourceTree = "<group>";
		};
		029CB5AD2653E0080007B2D8 /* Model */ = {
			isa = PBXGroup;
			children = (
				029CB5C82653E1190007B2D8 /* MoviesModel.swift */,
			);
			path = Model;
			sourceTree = "<group>";
		};
		029CB5B82653E0660007B2D8 /* ApiService */ = {
			isa = PBXGroup;
			children = (
				029CB5B92653E0710007B2D8 /* APIService.swift */,
			);
			path = ApiService;
			sourceTree = "<group>";
		};
		5C9135A126A60CEE2038BEA0 /* Pods */ = {
			isa = PBXGroup;
			children = (
				B0B98EEABF2393D17FFC7410 /* Pods-BourneDigitalTest.debug.xcconfig */,
				C64B296BA0DA9C8F473590BE /* Pods-BourneDigitalTest.release.xcconfig */,
				9CF290D76F5A642A7F5D4A90 /* Pods-BourneDigitalTest-BourneDigitalTestUITests.debug.xcconfig */,
				FD4F630C6B564CB41D36D48A /* Pods-BourneDigitalTest-BourneDigitalTestUITests.release.xcconfig */,
				18D306F39BFD17BE7508ED66 /* Pods-BourneDigitalTestTests.debug.xcconfig */,
				3552AC309E4BA704F3B20561 /* Pods-BourneDigitalTestTests.release.xcconfig */,
			);
			path = Pods;
			sourceTree = "<group>";
		};
		613DC26A464B1B0E7B7195EA /* Frameworks */ = {
			isa = PBXGroup;
			children = (
				4B3C0A4D868D9EEBA1F058EE /* Pods_BourneDigitalTest.framework */,
				009CC256A84737725D3CC8A1 /* Pods_BourneDigitalTest_BourneDigitalTestUITests.framework */,
				B831FAD2D7D7B476D5C61F93 /* Pods_BourneDigitalTestTests.framework */,
			);
			name = Frameworks;
			sourceTree = "<group>";
		};
/* End PBXGroup section */

/* Begin PBXNativeTarget section */
		029CB5742653DFB20007B2D8 /* BourneDigitalTest */ = {
			isa = PBXNativeTarget;
			buildConfigurationList = 029CB59F2653DFB50007B2D8 /* Build configuration list for PBXNativeTarget "BourneDigitalTest" */;
			buildPhases = (
				A8C645FC3B9137CD469F3896 /* [CP] Check Pods Manifest.lock */,
				029CB5712653DFB20007B2D8 /* Sources */,
				029CB5722653DFB20007B2D8 /* Frameworks */,
				029CB5732653DFB20007B2D8 /* Resources */,
				748BF88A7A7A1675C8958B0D /* [CP] Embed Pods Frameworks */,
			);
			buildRules = (
			);
			dependencies = (
			);
			name = BourneDigitalTest;
			productName = BourneDigitalTest;
			productReference = 029CB5752653DFB20007B2D8 /* BourneDigitalTest.app */;
			productType = "com.apple.product-type.application";
		};
		029CB58A2653DFB50007B2D8 /* BourneDigitalTestTests */ = {
			isa = PBXNativeTarget;
			buildConfigurationList = 029CB5A22653DFB50007B2D8 /* Build configuration list for PBXNativeTarget "BourneDigitalTestTests" */;
			buildPhases = (
				FABFFF063CFBC783B00303A2 /* [CP] Check Pods Manifest.lock */,
				029CB5872653DFB50007B2D8 /* Sources */,
				029CB5882653DFB50007B2D8 /* Frameworks */,
				029CB5892653DFB50007B2D8 /* Resources */,
			);
			buildRules = (
			);
			dependencies = (
				029CB58D2653DFB50007B2D8 /* PBXTargetDependency */,
			);
			name = BourneDigitalTestTests;
			productName = BourneDigitalTestTests;
			productReference = 029CB58B2653DFB50007B2D8 /* BourneDigitalTestTests.xctest */;
			productType = "com.apple.product-type.bundle.unit-test";
		};
		029CB5952653DFB50007B2D8 /* BourneDigitalTestUITests */ = {
			isa = PBXNativeTarget;
			buildConfigurationList = 029CB5A52653DFB50007B2D8 /* Build configuration list for PBXNativeTarget "BourneDigitalTestUITests" */;
			buildPhases = (
				E482063CF329D632E040AE44 /* [CP] Check Pods Manifest.lock */,
				029CB5922653DFB50007B2D8 /* Sources */,
				029CB5932653DFB50007B2D8 /* Frameworks */,
				029CB5942653DFB50007B2D8 /* Resources */,
				860440F9DCC07314B7622E21 /* [CP] Embed Pods Frameworks */,
			);
			buildRules = (
			);
			dependencies = (
				029CB5982653DFB50007B2D8 /* PBXTargetDependency */,
			);
			name = BourneDigitalTestUITests;
			productName = BourneDigitalTestUITests;
			productReference = 029CB5962653DFB50007B2D8 /* BourneDigitalTestUITests.xctest */;
			productType = "com.apple.product-type.bundle.ui-testing";
		};
/* End PBXNativeTarget section */

/* Begin PBXProject section */
		029CB56D2653DFB20007B2D8 /* Project object */ = {
			isa = PBXProject;
			attributes = {
				LastSwiftUpdateCheck = 1200;
				LastUpgradeCheck = 1200;
				TargetAttributes = {
					029CB5742653DFB20007B2D8 = {
						CreatedOnToolsVersion = 12.0;
					};
					029CB58A2653DFB50007B2D8 = {
						CreatedOnToolsVersion = 12.0;
						TestTargetID = 029CB5742653DFB20007B2D8;
					};
					029CB5952653DFB50007B2D8 = {
						CreatedOnToolsVersion = 12.0;
						TestTargetID = 029CB5742653DFB20007B2D8;
					};
				};
			};
			buildConfigurationList = 029CB5702653DFB20007B2D8 /* Build configuration list for PBXProject "BourneDigitalTest" */;
			compatibilityVersion = "Xcode 9.3";
			developmentRegion = en;
			hasScannedForEncodings = 0;
			knownRegions = (
				en,
				Base,
			);
			mainGroup = 029CB56C2653DFB20007B2D8;
			productRefGroup = 029CB5762653DFB20007B2D8 /* Products */;
			projectDirPath = "";
			projectRoot = "";
			targets = (
				029CB5742653DFB20007B2D8 /* BourneDigitalTest */,
				029CB58A2653DFB50007B2D8 /* BourneDigitalTestTests */,
				029CB5952653DFB50007B2D8 /* BourneDigitalTestUITests */,
			);
		};
/* End PBXProject section */

/* Begin PBXResourcesBuildPhase section */
		029CB5732653DFB20007B2D8 /* Resources */ = {
			isa = PBXResourcesBuildPhase;
			buildActionMask = 2147483647;
			files = (
				029CB5852653DFB50007B2D8 /* LaunchScreen.storyboard in Resources */,
				029CB5D62653E1E70007B2D8 /* movies.json in Resources */,
				029CB5802653DFB20007B2D8 /* Main.storyboard in Resources */,
				CE6866E72656845400094D63 /* Assets.xcassets in Resources */,
			);
			runOnlyForDeploymentPostprocessing = 0;
		};
		029CB5892653DFB50007B2D8 /* Resources */ = {
			isa = PBXResourcesBuildPhase;
			buildActionMask = 2147483647;
			files = (
			);
			runOnlyForDeploymentPostprocessing = 0;
		};
		029CB5942653DFB50007B2D8 /* Resources */ = {
			isa = PBXResourcesBuildPhase;
			buildActionMask = 2147483647;
			files = (
			);
			runOnlyForDeploymentPostprocessing = 0;
		};
/* End PBXResourcesBuildPhase section */

/* Begin PBXShellScriptBuildPhase section */
		748BF88A7A7A1675C8958B0D /* [CP] Embed Pods Frameworks */ = {
			isa = PBXShellScriptBuildPhase;
			buildActionMask = 2147483647;
			files = (
			);
			inputFileListPaths = (
				"${PODS_ROOT}/Target Support Files/Pods-BourneDigitalTest/Pods-BourneDigitalTest-frameworks-${CONFIGURATION}-input-files.xcfilelist",
			);
			name = "[CP] Embed Pods Frameworks";
			outputFileListPaths = (
				"${PODS_ROOT}/Target Support Files/Pods-BourneDigitalTest/Pods-BourneDigitalTest-frameworks-${CONFIGURATION}-output-files.xcfilelist",
			);
			runOnlyForDeploymentPostprocessing = 0;
			shellPath = /bin/sh;
			shellScript = "\"${PODS_ROOT}/Target Support Files/Pods-BourneDigitalTest/Pods-BourneDigitalTest-frameworks.sh\"\n";
			showEnvVarsInLog = 0;
		};
		860440F9DCC07314B7622E21 /* [CP] Embed Pods Frameworks */ = {
			isa = PBXShellScriptBuildPhase;
			buildActionMask = 2147483647;
			files = (
			);
			inputFileListPaths = (
				"${PODS_ROOT}/Target Support Files/Pods-BourneDigitalTest-BourneDigitalTestUITests/Pods-BourneDigitalTest-BourneDigitalTestUITests-frameworks-${CONFIGURATION}-input-files.xcfilelist",
			);
			name = "[CP] Embed Pods Frameworks";
			outputFileListPaths = (
				"${PODS_ROOT}/Target Support Files/Pods-BourneDigitalTest-BourneDigitalTestUITests/Pods-BourneDigitalTest-BourneDigitalTestUITests-frameworks-${CONFIGURATION}-output-files.xcfilelist",
			);
			runOnlyForDeploymentPostprocessing = 0;
			shellPath = /bin/sh;
			shellScript = "\"${PODS_ROOT}/Target Support Files/Pods-BourneDigitalTest-BourneDigitalTestUITests/Pods-BourneDigitalTest-BourneDigitalTestUITests-frameworks.sh\"\n";
			showEnvVarsInLog = 0;
		};
		A8C645FC3B9137CD469F3896 /* [CP] Check Pods Manifest.lock */ = {
			isa = PBXShellScriptBuildPhase;
			buildActionMask = 2147483647;
			files = (
			);
			inputFileListPaths = (
			);
			inputPaths = (
				"${PODS_PODFILE_DIR_PATH}/Podfile.lock",
				"${PODS_ROOT}/Manifest.lock",
			);
			name = "[CP] Check Pods Manifest.lock";
			outputFileListPaths = (
			);
			outputPaths = (
				"$(DERIVED_FILE_DIR)/Pods-BourneDigitalTest-checkManifestLockResult.txt",
			);
			runOnlyForDeploymentPostprocessing = 0;
			shellPath = /bin/sh;
			shellScript = "diff \"${PODS_PODFILE_DIR_PATH}/Podfile.lock\" \"${PODS_ROOT}/Manifest.lock\" > /dev/null\nif [ $? != 0 ] ; then\n    # print error to STDERR\n    echo \"error: The sandbox is not in sync with the Podfile.lock. Run 'pod install' or update your CocoaPods installation.\" >&2\n    exit 1\nfi\n# This output is used by Xcode 'outputs' to avoid re-running this script phase.\necho \"SUCCESS\" > \"${SCRIPT_OUTPUT_FILE_0}\"\n";
			showEnvVarsInLog = 0;
		};
		E482063CF329D632E040AE44 /* [CP] Check Pods Manifest.lock */ = {
			isa = PBXShellScriptBuildPhase;
			buildActionMask = 2147483647;
			files = (
			);
			inputFileListPaths = (
			);
			inputPaths = (
				"${PODS_PODFILE_DIR_PATH}/Podfile.lock",
				"${PODS_ROOT}/Manifest.lock",
			);
			name = "[CP] Check Pods Manifest.lock";
			outputFileListPaths = (
			);
			outputPaths = (
				"$(DERIVED_FILE_DIR)/Pods-BourneDigitalTest-BourneDigitalTestUITests-checkManifestLockResult.txt",
			);
			runOnlyForDeploymentPostprocessing = 0;
			shellPath = /bin/sh;
			shellScript = "diff \"${PODS_PODFILE_DIR_PATH}/Podfile.lock\" \"${PODS_ROOT}/Manifest.lock\" > /dev/null\nif [ $? != 0 ] ; then\n    # print error to STDERR\n    echo \"error: The sandbox is not in sync with the Podfile.lock. Run 'pod install' or update your CocoaPods installation.\" >&2\n    exit 1\nfi\n# This output is used by Xcode 'outputs' to avoid re-running this script phase.\necho \"SUCCESS\" > \"${SCRIPT_OUTPUT_FILE_0}\"\n";
			showEnvVarsInLog = 0;
		};
		FABFFF063CFBC783B00303A2 /* [CP] Check Pods Manifest.lock */ = {
			isa = PBXShellScriptBuildPhase;
			buildActionMask = 2147483647;
			files = (
			);
			inputFileListPaths = (
			);
			inputPaths = (
				"${PODS_PODFILE_DIR_PATH}/Podfile.lock",
				"${PODS_ROOT}/Manifest.lock",
			);
			name = "[CP] Check Pods Manifest.lock";
			outputFileListPaths = (
			);
			outputPaths = (
				"$(DERIVED_FILE_DIR)/Pods-BourneDigitalTestTests-checkManifestLockResult.txt",
			);
			runOnlyForDeploymentPostprocessing = 0;
			shellPath = /bin/sh;
			shellScript = "diff \"${PODS_PODFILE_DIR_PATH}/Podfile.lock\" \"${PODS_ROOT}/Manifest.lock\" > /dev/null\nif [ $? != 0 ] ; then\n    # print error to STDERR\n    echo \"error: The sandbox is not in sync with the Podfile.lock. Run 'pod install' or update your CocoaPods installation.\" >&2\n    exit 1\nfi\n# This output is used by Xcode 'outputs' to avoid re-running this script phase.\necho \"SUCCESS\" > \"${SCRIPT_OUTPUT_FILE_0}\"\n";
			showEnvVarsInLog = 0;
		};
/* End PBXShellScriptBuildPhase section */

/* Begin PBXSourcesBuildPhase section */
		029CB5712653DFB20007B2D8 /* Sources */ = {
			isa = PBXSourcesBuildPhase;
			buildActionMask = 2147483647;
			files = (
				029CB5D12653E1660007B2D8 /* MoviesTableViewCell.swift in Sources */,
				029CB5BF2653E0A40007B2D8 /* MoviesTableViewDataSource.swift in Sources */,
				029CB5C92653E1190007B2D8 /* MoviesModel.swift in Sources */,
				029CB5792653DFB20007B2D8 /* AppDelegate.swift in Sources */,
				029CB5AF2653E01B0007B2D8 /* ViewController.swift in Sources */,
				029CB57B2653DFB20007B2D8 /* SceneDelegate.swift in Sources */,
				029CB5BA2653E0710007B2D8 /* APIService.swift in Sources */,
				029CB5B42653E0490007B2D8 /* MoviesViewModel.swift in Sources */,
				CE6866F7265685AC00094D63 /* DetailsViewController.swift in Sources */,
			);
			runOnlyForDeploymentPostprocessing = 0;
		};
		029CB5872653DFB50007B2D8 /* Sources */ = {
			isa = PBXSourcesBuildPhase;
			buildActionMask = 2147483647;
			files = (
				029CB5902653DFB50007B2D8 /* BourneDigitalTestTests.swift in Sources */,
			);
			runOnlyForDeploymentPostprocessing = 0;
		};
		029CB5922653DFB50007B2D8 /* Sources */ = {
			isa = PBXSourcesBuildPhase;
			buildActionMask = 2147483647;
			files = (
				029CB59B2653DFB50007B2D8 /* BourneDigitalTestUITests.swift in Sources */,
			);
			runOnlyForDeploymentPostprocessing = 0;
		};
/* End PBXSourcesBuildPhase section */

/* Begin PBXTargetDependency section */
		029CB58D2653DFB50007B2D8 /* PBXTargetDependency */ = {
			isa = PBXTargetDependency;
			target = 029CB5742653DFB20007B2D8 /* BourneDigitalTest */;
			targetProxy = 029CB58C2653DFB50007B2D8 /* PBXContainerItemProxy */;
		};
		029CB5982653DFB50007B2D8 /* PBXTargetDependency */ = {
			isa = PBXTargetDependency;
			target = 029CB5742653DFB20007B2D8 /* BourneDigitalTest */;
			targetProxy = 029CB5972653DFB50007B2D8 /* PBXContainerItemProxy */;
		};
/* End PBXTargetDependency section */

/* Begin PBXVariantGroup section */
		029CB57E2653DFB20007B2D8 /* Main.storyboard */ = {
			isa = PBXVariantGroup;
			children = (
				029CB57F2653DFB20007B2D8 /* Base */,
			);
			name = Main.storyboard;
			sourceTree = "<group>";
		};
		029CB5832653DFB50007B2D8 /* LaunchScreen.storyboard */ = {
			isa = PBXVariantGroup;
			children = (
				029CB5842653DFB50007B2D8 /* Base */,
			);
			name = LaunchScreen.storyboard;
			sourceTree = "<group>";
		};
/* End PBXVariantGroup section */

/* Begin XCBuildConfiguration section */
		029CB59D2653DFB50007B2D8 /* Debug */ = {
			isa = XCBuildConfiguration;
			buildSettings = {
				ALWAYS_SEARCH_USER_PATHS = NO;
				CLANG_ANALYZER_NONNULL = YES;
				CLANG_ANALYZER_NUMBER_OBJECT_CONVERSION = YES_AGGRESSIVE;
				CLANG_CXX_LANGUAGE_STANDARD = "gnu++14";
				CLANG_CXX_LIBRARY = "libc++";
				CLANG_ENABLE_MODULES = YES;
				CLANG_ENABLE_OBJC_ARC = YES;
				CLANG_ENABLE_OBJC_WEAK = YES;
				CLANG_WARN_BLOCK_CAPTURE_AUTORELEASING = YES;
				CLANG_WARN_BOOL_CONVERSION = YES;
				CLANG_WARN_COMMA = YES;
				CLANG_WARN_CONSTANT_CONVERSION = YES;
				CLANG_WARN_DEPRECATED_OBJC_IMPLEMENTATIONS = YES;
				CLANG_WARN_DIRECT_OBJC_ISA_USAGE = YES_ERROR;
				CLANG_WARN_DOCUMENTATION_COMMENTS = YES;
				CLANG_WARN_EMPTY_BODY = YES;
				CLANG_WARN_ENUM_CONVERSION = YES;
				CLANG_WARN_INFINITE_RECURSION = YES;
				CLANG_WARN_INT_CONVERSION = YES;
				CLANG_WARN_NON_LITERAL_NULL_CONVERSION = YES;
				CLANG_WARN_OBJC_IMPLICIT_RETAIN_SELF = YES;
				CLANG_WARN_OBJC_LITERAL_CONVERSION = YES;
				CLANG_WARN_OBJC_ROOT_CLASS = YES_ERROR;
				CLANG_WARN_QUOTED_INCLUDE_IN_FRAMEWORK_HEADER = YES;
				CLANG_WARN_RANGE_LOOP_ANALYSIS = YES;
				CLANG_WARN_STRICT_PROTOTYPES = YES;
				CLANG_WARN_SUSPICIOUS_MOVE = YES;
				CLANG_WARN_UNGUARDED_AVAILABILITY = YES_AGGRESSIVE;
				CLANG_WARN_UNREACHABLE_CODE = YES;
				CLANG_WARN__DUPLICATE_METHOD_MATCH = YES;
				COPY_PHASE_STRIP = NO;
				DEBUG_INFORMATION_FORMAT = dwarf;
				ENABLE_STRICT_OBJC_MSGSEND = YES;
				ENABLE_TESTABILITY = YES;
				GCC_C_LANGUAGE_STANDARD = gnu11;
				GCC_DYNAMIC_NO_PIC = NO;
				GCC_NO_COMMON_BLOCKS = YES;
				GCC_OPTIMIZATION_LEVEL = 0;
				GCC_PREPROCESSOR_DEFINITIONS = (
					"DEBUG=1",
					"$(inherited)",
				);
				GCC_WARN_64_TO_32_BIT_CONVERSION = YES;
				GCC_WARN_ABOUT_RETURN_TYPE = YES_ERROR;
				GCC_WARN_UNDECLARED_SELECTOR = YES;
				GCC_WARN_UNINITIALIZED_AUTOS = YES_AGGRESSIVE;
				GCC_WARN_UNUSED_FUNCTION = YES;
				GCC_WARN_UNUSED_VARIABLE = YES;
				IPHONEOS_DEPLOYMENT_TARGET = 14.0;
				MTL_ENABLE_DEBUG_INFO = INCLUDE_SOURCE;
				MTL_FAST_MATH = YES;
				ONLY_ACTIVE_ARCH = YES;
				SDKROOT = iphoneos;
				SWIFT_ACTIVE_COMPILATION_CONDITIONS = DEBUG;
				SWIFT_OPTIMIZATION_LEVEL = "-Onone";
			};
			name = Debug;
		};
		029CB59E2653DFB50007B2D8 /* Release */ = {
			isa = XCBuildConfiguration;
			buildSettings = {
				ALWAYS_SEARCH_USER_PATHS = NO;
				CLANG_ANALYZER_NONNULL = YES;
				CLANG_ANALYZER_NUMBER_OBJECT_CONVERSION = YES_AGGRESSIVE;
				CLANG_CXX_LANGUAGE_STANDARD = "gnu++14";
				CLANG_CXX_LIBRARY = "libc++";
				CLANG_ENABLE_MODULES = YES;
				CLANG_ENABLE_OBJC_ARC = YES;
				CLANG_ENABLE_OBJC_WEAK = YES;
				CLANG_WARN_BLOCK_CAPTURE_AUTORELEASING = YES;
				CLANG_WARN_BOOL_CONVERSION = YES;
				CLANG_WARN_COMMA = YES;
				CLANG_WARN_CONSTANT_CONVERSION = YES;
				CLANG_WARN_DEPRECATED_OBJC_IMPLEMENTATIONS = YES;
				CLANG_WARN_DIRECT_OBJC_ISA_USAGE = YES_ERROR;
				CLANG_WARN_DOCUMENTATION_COMMENTS = YES;
				CLANG_WARN_EMPTY_BODY = YES;
				CLANG_WARN_ENUM_CONVERSION = YES;
				CLANG_WARN_INFINITE_RECURSION = YES;
				CLANG_WARN_INT_CONVERSION = YES;
				CLANG_WARN_NON_LITERAL_NULL_CONVERSION = YES;
				CLANG_WARN_OBJC_IMPLICIT_RETAIN_SELF = YES;
				CLANG_WARN_OBJC_LITERAL_CONVERSION = YES;
				CLANG_WARN_OBJC_ROOT_CLASS = YES_ERROR;
				CLANG_WARN_QUOTED_INCLUDE_IN_FRAMEWORK_HEADER = YES;
				CLANG_WARN_RANGE_LOOP_ANALYSIS = YES;
				CLANG_WARN_STRICT_PROTOTYPES = YES;
				CLANG_WARN_SUSPICIOUS_MOVE = YES;
				CLANG_WARN_UNGUARDED_AVAILABILITY = YES_AGGRESSIVE;
				CLANG_WARN_UNREACHABLE_CODE = YES;
				CLANG_WARN__DUPLICATE_METHOD_MATCH = YES;
				COPY_PHASE_STRIP = NO;
				DEBUG_INFORMATION_FORMAT = "dwarf-with-dsym";
				ENABLE_NS_ASSERTIONS = NO;
				ENABLE_STRICT_OBJC_MSGSEND = YES;
				GCC_C_LANGUAGE_STANDARD = gnu11;
				GCC_NO_COMMON_BLOCKS = YES;
				GCC_WARN_64_TO_32_BIT_CONVERSION = YES;
				GCC_WARN_ABOUT_RETURN_TYPE = YES_ERROR;
				GCC_WARN_UNDECLARED_SELECTOR = YES;
				GCC_WARN_UNINITIALIZED_AUTOS = YES_AGGRESSIVE;
				GCC_WARN_UNUSED_FUNCTION = YES;
				GCC_WARN_UNUSED_VARIABLE = YES;
				IPHONEOS_DEPLOYMENT_TARGET = 14.0;
				MTL_ENABLE_DEBUG_INFO = NO;
				MTL_FAST_MATH = YES;
				SDKROOT = iphoneos;
				SWIFT_COMPILATION_MODE = wholemodule;
				SWIFT_OPTIMIZATION_LEVEL = "-O";
				VALIDATE_PRODUCT = YES;
			};
			name = Release;
		};
		029CB5A02653DFB50007B2D8 /* Debug */ = {
			isa = XCBuildConfiguration;
			baseConfigurationReference = B0B98EEABF2393D17FFC7410 /* Pods-BourneDigitalTest.debug.xcconfig */;
			buildSettings = {
				ASSETCATALOG_COMPILER_APPICON_NAME = AppIcon;
				ASSETCATALOG_COMPILER_GLOBAL_ACCENT_COLOR_NAME = AccentColor;
				CODE_SIGN_STYLE = Automatic;
				DEVELOPMENT_TEAM = 9ANS4KEQ59;
				INFOPLIST_FILE = BourneDigitalTest/Info.plist;
				LD_RUNPATH_SEARCH_PATHS = (
					"$(inherited)",
					"@executable_path/Frameworks",
				);
				PRODUCT_BUNDLE_IDENTIFIER = Gagan.BourneDigitalTest;
				PRODUCT_NAME = "$(TARGET_NAME)";
				SWIFT_VERSION = 5.0;
				TARGETED_DEVICE_FAMILY = "1,2";
			};
			name = Debug;
		};
		029CB5A12653DFB50007B2D8 /* Release */ = {
			isa = XCBuildConfiguration;
			baseConfigurationReference = C64B296BA0DA9C8F473590BE /* Pods-BourneDigitalTest.release.xcconfig */;
			buildSettings = {
				ASSETCATALOG_COMPILER_APPICON_NAME = AppIcon;
				ASSETCATALOG_COMPILER_GLOBAL_ACCENT_COLOR_NAME = AccentColor;
				CODE_SIGN_STYLE = Automatic;
				DEVELOPMENT_TEAM = 9ANS4KEQ59;
				INFOPLIST_FILE = BourneDigitalTest/Info.plist;
				LD_RUNPATH_SEARCH_PATHS = (
					"$(inherited)",
					"@executable_path/Frameworks",
				);
				PRODUCT_BUNDLE_IDENTIFIER = Gagan.BourneDigitalTest;
				PRODUCT_NAME = "$(TARGET_NAME)";
				SWIFT_VERSION = 5.0;
				TARGETED_DEVICE_FAMILY = "1,2";
			};
			name = Release;
		};
		029CB5A32653DFB50007B2D8 /* Debug */ = {
			isa = XCBuildConfiguration;
			baseConfigurationReference = 18D306F39BFD17BE7508ED66 /* Pods-BourneDigitalTestTests.debug.xcconfig */;
			buildSettings = {
				ALWAYS_EMBED_SWIFT_STANDARD_LIBRARIES = YES;
				BUNDLE_LOADER = "$(TEST_HOST)";
				CODE_SIGN_STYLE = Automatic;
				DEVELOPMENT_TEAM = 9ANS4KEQ59;
				INFOPLIST_FILE = BourneDigitalTestTests/Info.plist;
				IPHONEOS_DEPLOYMENT_TARGET = 14.0;
				LD_RUNPATH_SEARCH_PATHS = (
					"$(inherited)",
					"@executable_path/Frameworks",
					"@loader_path/Frameworks",
				);
				PRODUCT_BUNDLE_IDENTIFIER = Gagan.BourneDigitalTestTests;
				PRODUCT_NAME = "$(TARGET_NAME)";
				SWIFT_VERSION = 5.0;
				TARGETED_DEVICE_FAMILY = "1,2";
				TEST_HOST = "$(BUILT_PRODUCTS_DIR)/BourneDigitalTest.app/BourneDigitalTest";
			};
			name = Debug;
		};
		029CB5A42653DFB50007B2D8 /* Release */ = {
			isa = XCBuildConfiguration;
			baseConfigurationReference = 3552AC309E4BA704F3B20561 /* Pods-BourneDigitalTestTests.release.xcconfig */;
			buildSettings = {
				ALWAYS_EMBED_SWIFT_STANDARD_LIBRARIES = YES;
				BUNDLE_LOADER = "$(TEST_HOST)";
				CODE_SIGN_STYLE = Automatic;
				DEVELOPMENT_TEAM = 9ANS4KEQ59;
				INFOPLIST_FILE = BourneDigitalTestTests/Info.plist;
				IPHONEOS_DEPLOYMENT_TARGET = 14.0;
				LD_RUNPATH_SEARCH_PATHS = (
					"$(inherited)",
					"@executable_path/Frameworks",
					"@loader_path/Frameworks",
				);
				PRODUCT_BUNDLE_IDENTIFIER = Gagan.BourneDigitalTestTests;
				PRODUCT_NAME = "$(TARGET_NAME)";
				SWIFT_VERSION = 5.0;
				TARGETED_DEVICE_FAMILY = "1,2";
				TEST_HOST = "$(BUILT_PRODUCTS_DIR)/BourneDigitalTest.app/BourneDigitalTest";
			};
			name = Release;
		};
		029CB5A62653DFB50007B2D8 /* Debug */ = {
			isa = XCBuildConfiguration;
			baseConfigurationReference = 9CF290D76F5A642A7F5D4A90 /* Pods-BourneDigitalTest-BourneDigitalTestUITests.debug.xcconfig */;
			buildSettings = {
				ALWAYS_EMBED_SWIFT_STANDARD_LIBRARIES = YES;
				CODE_SIGN_STYLE = Automatic;
				DEVELOPMENT_TEAM = 9ANS4KEQ59;
				INFOPLIST_FILE = BourneDigitalTestUITests/Info.plist;
				LD_RUNPATH_SEARCH_PATHS = (
					"$(inherited)",
					"@executable_path/Frameworks",
					"@loader_path/Frameworks",
				);
				PRODUCT_BUNDLE_IDENTIFIER = Gagan.BourneDigitalTestUITests;
				PRODUCT_NAME = "$(TARGET_NAME)";
				SWIFT_VERSION = 5.0;
				TARGETED_DEVICE_FAMILY = "1,2";
				TEST_TARGET_NAME = BourneDigitalTest;
			};
			name = Debug;
		};
		029CB5A72653DFB50007B2D8 /* Release */ = {
			isa = XCBuildConfiguration;
			baseConfigurationReference = FD4F630C6B564CB41D36D48A /* Pods-BourneDigitalTest-BourneDigitalTestUITests.release.xcconfig */;
			buildSettings = {
				ALWAYS_EMBED_SWIFT_STANDARD_LIBRARIES = YES;
				CODE_SIGN_STYLE = Automatic;
				DEVELOPMENT_TEAM = 9ANS4KEQ59;
				INFOPLIST_FILE = BourneDigitalTestUITests/Info.plist;
				LD_RUNPATH_SEARCH_PATHS = (
					"$(inherited)",
					"@executable_path/Frameworks",
					"@loader_path/Frameworks",
				);
				PRODUCT_BUNDLE_IDENTIFIER = Gagan.BourneDigitalTestUITests;
				PRODUCT_NAME = "$(TARGET_NAME)";
				SWIFT_VERSION = 5.0;
				TARGETED_DEVICE_FAMILY = "1,2";
				TEST_TARGET_NAME = BourneDigitalTest;
			};
			name = Release;
		};
/* End XCBuildConfiguration section */

/* Begin XCConfigurationList section */
		029CB5702653DFB20007B2D8 /* Build configuration list for PBXProject "BourneDigitalTest" */ = {
			isa = XCConfigurationList;
			buildConfigurations = (
				029CB59D2653DFB50007B2D8 /* Debug */,
				029CB59E2653DFB50007B2D8 /* Release */,
			);
			defaultConfigurationIsVisible = 0;
			defaultConfigurationName = Release;
		};
		029CB59F2653DFB50007B2D8 /* Build configuration list for PBXNativeTarget "BourneDigitalTest" */ = {
			isa = XCConfigurationList;
			buildConfigurations = (
				029CB5A02653DFB50007B2D8 /* Debug */,
				029CB5A12653DFB50007B2D8 /* Release */,
			);
			defaultConfigurationIsVisible = 0;
			defaultConfigurationName = Release;
		};
		029CB5A22653DFB50007B2D8 /* Build configuration list for PBXNativeTarget "BourneDigitalTestTests" */ = {
			isa = XCConfigurationList;
			buildConfigurations = (
				029CB5A32653DFB50007B2D8 /* Debug */,
				029CB5A42653DFB50007B2D8 /* Release */,
			);
			defaultConfigurationIsVisible = 0;
			defaultConfigurationName = Release;
		};
		029CB5A52653DFB50007B2D8 /* Build configuration list for PBXNativeTarget "BourneDigitalTestUITests" */ = {
			isa = XCConfigurationList;
			buildConfigurations = (
				029CB5A62653DFB50007B2D8 /* Debug */,
				029CB5A72653DFB50007B2D8 /* Release */,
			);
			defaultConfigurationIsVisible = 0;
			defaultConfigurationName = Release;
		};
/* End XCConfigurationList section */
	};
	rootObject = 029CB56D2653DFB20007B2D8 /* Project object */;
}
